// !$*UTF8*$!
{
	archiveVersion = 1;
	classes = {
	};
	objectVersion = 51;
	objects = {

/* Begin PBXAggregateTarget section */
		C45FE42D2304272A00782546 /* StaticBundle */ = {
			isa = PBXAggregateTarget;
			buildConfigurationList = C45FE42E2304272A00782546 /* Build configuration list for PBXAggregateTarget "StaticBundle" */;
			buildPhases = (
				C45FE4312304273300782546 /* ShellScript */,
			);
			dependencies = (
			);
			name = StaticBundle;
			productName = StaticBundle;
		};
/* End PBXAggregateTarget section */

/* Begin PBXBuildFile section */
		C45FE4062304262F00782546 /* AppDelegate.swift in Sources */ = {isa = PBXBuildFile; fileRef = C45FE4052304262F00782546 /* AppDelegate.swift */; };
		C45FE4082304262F00782546 /* SceneDelegate.swift in Sources */ = {isa = PBXBuildFile; fileRef = C45FE4072304262F00782546 /* SceneDelegate.swift */; };
		C45FE40A2304262F00782546 /* ViewController.swift in Sources */ = {isa = PBXBuildFile; fileRef = C45FE4092304262F00782546 /* ViewController.swift */; };
		C45FE40D2304262F00782546 /* Main.storyboard in Resources */ = {isa = PBXBuildFile; fileRef = C45FE40B2304262F00782546 /* Main.storyboard */; };
		C45FE40F2304262F00782546 /* Assets.xcassets in Resources */ = {isa = PBXBuildFile; fileRef = C45FE40E2304262F00782546 /* Assets.xcassets */; };
		C45FE4122304262F00782546 /* LaunchScreen.storyboard in Resources */ = {isa = PBXBuildFile; fileRef = C45FE4102304262F00782546 /* LaunchScreen.storyboard */; };
		C45FE422230426AB00782546 /* DynamicLib.h in Headers */ = {isa = PBXBuildFile; fileRef = C45FE420230426AB00782546 /* DynamicLib.h */; settings = {ATTRIBUTES = (Public, ); }; };
		C45FE425230426AB00782546 /* DynamicLib.framework in Frameworks */ = {isa = PBXBuildFile; fileRef = C45FE41E230426AB00782546 /* DynamicLib.framework */; };
		C45FE426230426AB00782546 /* DynamicLib.framework in Embed Frameworks */ = {isa = PBXBuildFile; fileRef = C45FE41E230426AB00782546 /* DynamicLib.framework */; settings = {ATTRIBUTES = (CodeSignOnCopy, RemoveHeadersOnCopy, ); }; };
		C45FE42C230426F100782546 /* AwesomeView.xib in Resources */ = {isa = PBXBuildFile; fileRef = C45FE42B230426F100782546 /* AwesomeView.xib */; };
		C45FE43C23042ED500782546 /* Hello.txt in Resources */ = {isa = PBXBuildFile; fileRef = C45FE43B23042ED500782546 /* Hello.txt */; };
/* End PBXBuildFile section */

/* Begin PBXContainerItemProxy section */
		C45FE423230426AB00782546 /* PBXContainerItemProxy */ = {
			isa = PBXContainerItemProxy;
			containerPortal = C45FE3FA2304262F00782546 /* Project object */;
			proxyType = 1;
			remoteGlobalIDString = C45FE41D230426AB00782546;
			remoteInfo = DynamicLib;
		};
		C45FE43D23042FBA00782546 /* PBXContainerItemProxy */ = {
			isa = PBXContainerItemProxy;
			containerPortal = C45FE3FA2304262F00782546 /* Project object */;
			proxyType = 1;
			remoteGlobalIDString = C45FE42D2304272A00782546;
			remoteInfo = StaticBundle;
		};
/* End PBXContainerItemProxy section */

/* Begin PBXCopyFilesBuildPhase section */
		C45FE427230426AB00782546 /* Embed Frameworks */ = {
			isa = PBXCopyFilesBuildPhase;
			buildActionMask = 2147483647;
			dstPath = "";
			dstSubfolderSpec = 10;
			files = (
				C45FE426230426AB00782546 /* DynamicLib.framework in Embed Frameworks */,
			);
			name = "Embed Frameworks";
			runOnlyForDeploymentPostprocessing = 0;
		};
/* End PBXCopyFilesBuildPhase section */

/* Begin PBXFileReference section */
		C45FE4022304262F00782546 /* KateiSandbox.app */ = {isa = PBXFileReference; explicitFileType = wrapper.application; includeInIndex = 0; path = KateiSandbox.app; sourceTree = BUILT_PRODUCTS_DIR; };
		C45FE4052304262F00782546 /* AppDelegate.swift */ = {isa = PBXFileReference; lastKnownFileType = sourcecode.swift; path = AppDelegate.swift; sourceTree = "<group>"; };
		C45FE4072304262F00782546 /* SceneDelegate.swift */ = {isa = PBXFileReference; lastKnownFileType = sourcecode.swift; path = SceneDelegate.swift; sourceTree = "<group>"; };
		C45FE4092304262F00782546 /* ViewController.swift */ = {isa = PBXFileReference; lastKnownFileType = sourcecode.swift; path = ViewController.swift; sourceTree = "<group>"; };
		C45FE40C2304262F00782546 /* Base */ = {isa = PBXFileReference; lastKnownFileType = file.storyboard; name = Base; path = Base.lproj/Main.storyboard; sourceTree = "<group>"; };
		C45FE40E2304262F00782546 /* Assets.xcassets */ = {isa = PBXFileReference; lastKnownFileType = folder.assetcatalog; path = Assets.xcassets; sourceTree = "<group>"; };
		C45FE4112304262F00782546 /* Base */ = {isa = PBXFileReference; lastKnownFileType = file.storyboard; name = Base; path = Base.lproj/LaunchScreen.storyboard; sourceTree = "<group>"; };
		C45FE4132304262F00782546 /* Info.plist */ = {isa = PBXFileReference; lastKnownFileType = text.plist.xml; path = Info.plist; sourceTree = "<group>"; };
		C45FE41E230426AB00782546 /* DynamicLib.framework */ = {isa = PBXFileReference; explicitFileType = wrapper.framework; includeInIndex = 0; path = DynamicLib.framework; sourceTree = BUILT_PRODUCTS_DIR; };
		C45FE420230426AB00782546 /* DynamicLib.h */ = {isa = PBXFileReference; lastKnownFileType = sourcecode.c.h; path = DynamicLib.h; sourceTree = "<group>"; };
		C45FE421230426AB00782546 /* Info.plist */ = {isa = PBXFileReference; lastKnownFileType = text.plist.xml; path = Info.plist; sourceTree = "<group>"; };
		C45FE42B230426F100782546 /* AwesomeView.xib */ = {isa = PBXFileReference; lastKnownFileType = file.xib; path = AwesomeView.xib; sourceTree = "<group>"; };
		C45FE43B23042ED500782546 /* Hello.txt */ = {isa = PBXFileReference; lastKnownFileType = text; path = Hello.txt; sourceTree = "<group>"; };
/* End PBXFileReference section */

/* Begin PBXFrameworksBuildPhase section */
		C45FE3FF2304262F00782546 /* Frameworks */ = {
			isa = PBXFrameworksBuildPhase;
			buildActionMask = 2147483647;
			files = (
				C45FE425230426AB00782546 /* DynamicLib.framework in Frameworks */,
			);
			runOnlyForDeploymentPostprocessing = 0;
		};
		C45FE41B230426AB00782546 /* Frameworks */ = {
			isa = PBXFrameworksBuildPhase;
			buildActionMask = 2147483647;
			files = (
			);
			runOnlyForDeploymentPostprocessing = 0;
		};
/* End PBXFrameworksBuildPhase section */

/* Begin PBXGroup section */
		C45FE3F92304262F00782546 = {
			isa = PBXGroup;
			children = (
				C45FE4042304262F00782546 /* KateiSandbox */,
				C45FE41F230426AB00782546 /* DynamicLib */,
				C45FE4032304262F00782546 /* Products */,
			);
			sourceTree = "<group>";
		};
		C45FE4032304262F00782546 /* Products */ = {
			isa = PBXGroup;
			children = (
				C45FE4022304262F00782546 /* KateiSandbox.app */,
				C45FE41E230426AB00782546 /* DynamicLib.framework */,
			);
			name = Products;
			sourceTree = "<group>";
		};
		C45FE4042304262F00782546 /* KateiSandbox */ = {
			isa = PBXGroup;
			children = (
				C45FE4052304262F00782546 /* AppDelegate.swift */,
				C45FE4072304262F00782546 /* SceneDelegate.swift */,
				C45FE4092304262F00782546 /* ViewController.swift */,
				C45FE40B2304262F00782546 /* Main.storyboard */,
				C45FE40E2304262F00782546 /* Assets.xcassets */,
				C45FE4102304262F00782546 /* LaunchScreen.storyboard */,
				C45FE4132304262F00782546 /* Info.plist */,
			);
			path = KateiSandbox;
			sourceTree = "<group>";
		};
		C45FE41F230426AB00782546 /* DynamicLib */ = {
			isa = PBXGroup;
			children = (
				C45FE420230426AB00782546 /* DynamicLib.h */,
				C45FE421230426AB00782546 /* Info.plist */,
				C45FE43B23042ED500782546 /* Hello.txt */,
				C45FE42B230426F100782546 /* AwesomeView.xib */,
			);
			path = DynamicLib;
			sourceTree = "<group>";
		};
/* End PBXGroup section */

/* Begin PBXHeadersBuildPhase section */
		C45FE419230426AB00782546 /* Headers */ = {
			isa = PBXHeadersBuildPhase;
			buildActionMask = 2147483647;
			files = (
				C45FE422230426AB00782546 /* DynamicLib.h in Headers */,
			);
			runOnlyForDeploymentPostprocessing = 0;
		};
/* End PBXHeadersBuildPhase section */

/* Begin PBXNativeTarget section */
		C45FE4012304262F00782546 /* KateiSandbox */ = {
			isa = PBXNativeTarget;
			buildConfigurationList = C45FE4162304262F00782546 /* Build configuration list for PBXNativeTarget "KateiSandbox" */;
			buildPhases = (
				C45FE3FE2304262F00782546 /* Sources */,
				C45FE3FF2304262F00782546 /* Frameworks */,
				C45FE4002304262F00782546 /* Resources */,
				C45FE43A23042DBD00782546 /* Copy StaticBundle */,
				C45FE427230426AB00782546 /* Embed Frameworks */,
			);
			buildRules = (
			);
			dependencies = (
				C45FE43E23042FBA00782546 /* PBXTargetDependency */,
				C45FE424230426AB00782546 /* PBXTargetDependency */,
			);
			name = KateiSandbox;
			productName = KateiSandbox;
			productReference = C45FE4022304262F00782546 /* KateiSandbox.app */;
			productType = "com.apple.product-type.application";
		};
		C45FE41D230426AB00782546 /* DynamicLib */ = {
			isa = PBXNativeTarget;
			buildConfigurationList = C45FE42A230426AB00782546 /* Build configuration list for PBXNativeTarget "DynamicLib" */;
			buildPhases = (
				C45FE419230426AB00782546 /* Headers */,
				C45FE41A230426AB00782546 /* Sources */,
				C45FE41B230426AB00782546 /* Frameworks */,
				C45FE41C230426AB00782546 /* Resources */,
			);
			buildRules = (
			);
			dependencies = (
			);
			name = DynamicLib;
			productName = DynamicLib;
			productReference = C45FE41E230426AB00782546 /* DynamicLib.framework */;
			productType = "com.apple.product-type.framework";
		};
/* End PBXNativeTarget section */

/* Begin PBXProject section */
		C45FE3FA2304262F00782546 /* Project object */ = {
			isa = PBXProject;
			attributes = {
				LastSwiftUpdateCheck = 1100;
				LastUpgradeCheck = 1100;
				ORGANIZATIONNAME = "Yuta Saito";
				TargetAttributes = {
					C45FE4012304262F00782546 = {
						CreatedOnToolsVersion = 11.0;
					};
					C45FE41D230426AB00782546 = {
						CreatedOnToolsVersion = 11.0;
					};
					C45FE42D2304272A00782546 = {
						CreatedOnToolsVersion = 11.0;
					};
				};
			};
			buildConfigurationList = C45FE3FD2304262F00782546 /* Build configuration list for PBXProject "KateiSandbox" */;
			compatibilityVersion = "Xcode 9.3";
			developmentRegion = en;
			hasScannedForEncodings = 0;
			knownRegions = (
				en,
				Base,
			);
			mainGroup = C45FE3F92304262F00782546;
			productRefGroup = C45FE4032304262F00782546 /* Products */;
			projectDirPath = "";
			projectRoot = "";
			targets = (
				C45FE4012304262F00782546 /* KateiSandbox */,
				C45FE41D230426AB00782546 /* DynamicLib */,
				C45FE42D2304272A00782546 /* StaticBundle */,
			);
		};
/* End PBXProject section */

/* Begin PBXResourcesBuildPhase section */
		C45FE4002304262F00782546 /* Resources */ = {
			isa = PBXResourcesBuildPhase;
			buildActionMask = 2147483647;
			files = (
				C45FE4122304262F00782546 /* LaunchScreen.storyboard in Resources */,
				C45FE40F2304262F00782546 /* Assets.xcassets in Resources */,
				C45FE40D2304262F00782546 /* Main.storyboard in Resources */,
			);
			runOnlyForDeploymentPostprocessing = 0;
		};
		C45FE41C230426AB00782546 /* Resources */ = {
			isa = PBXResourcesBuildPhase;
			buildActionMask = 2147483647;
			files = (
				C45FE42C230426F100782546 /* AwesomeView.xib in Resources */,
				C45FE43C23042ED500782546 /* Hello.txt in Resources */,
			);
			runOnlyForDeploymentPostprocessing = 0;
		};
/* End PBXResourcesBuildPhase section */

/* Begin PBXShellScriptBuildPhase section */
		C45FE4312304273300782546 /* ShellScript */ = {
			isa = PBXShellScriptBuildPhase;
			buildActionMask = 2147483647;
			files = (
			);
			inputFileListPaths = (
			);
			inputPaths = (
			);
			outputFileListPaths = (
			);
			outputPaths = (
			);
			runOnlyForDeploymentPostprocessing = 0;
			shellPath = /bin/sh;
			shellScript = "TARGET=DynamicLib\nOVERRIDE_CONFIG=$PROJECT_DIR/BuildAsBundle.xcconfig\nxcodebuild \\\n    -project ${PROJECT_FILE_PATH} \\\n    -target ${TARGET} \\\n    -xcconfig ${OVERRIDE_CONFIG} \\\n    -configuration ${CONFIGURATION} \\\n    -sdk ${PLATFORM_NAME} \\\n    BUILD_DIR=\"${BUILD_DIR}\" \\\n    TARGET_BUILD_DIR=\"${TARGET_BUILD_DIR}\" \\\n    ARCHS=\"${ARCHS}\" \\\n    build\n\n";
		};
		C45FE43A23042DBD00782546 /* Copy StaticBundle */ = {
			isa = PBXShellScriptBuildPhase;
			buildActionMask = 2147483647;
			files = (
			);
			inputFileListPaths = (
				"$(SRCROOT)/ResourceInput.xcfilelist",
			);
			inputPaths = (
			);
			name = "Copy StaticBundle";
			outputFileListPaths = (
				"$(SRCROOT)/ResourceOutput.xcfilelist",
			);
			outputPaths = (
			);
			runOnlyForDeploymentPostprocessing = 0;
			shellPath = /bin/sh;
			shellScript = "$SRCROOT/scripts/copy-resource.sh\n";
		};
/* End PBXShellScriptBuildPhase section */

/* Begin PBXSourcesBuildPhase section */
		C45FE3FE2304262F00782546 /* Sources */ = {
			isa = PBXSourcesBuildPhase;
			buildActionMask = 2147483647;
			files = (
				C45FE40A2304262F00782546 /* ViewController.swift in Sources */,
				C45FE4062304262F00782546 /* AppDelegate.swift in Sources */,
				C45FE4082304262F00782546 /* SceneDelegate.swift in Sources */,
			);
			runOnlyForDeploymentPostprocessing = 0;
		};
		C45FE41A230426AB00782546 /* Sources */ = {
			isa = PBXSourcesBuildPhase;
			buildActionMask = 2147483647;
			files = (
			);
			runOnlyForDeploymentPostprocessing = 0;
		};
/* End PBXSourcesBuildPhase section */

/* Begin PBXTargetDependency section */
		C45FE424230426AB00782546 /* PBXTargetDependency */ = {
			isa = PBXTargetDependency;
			target = C45FE41D230426AB00782546 /* DynamicLib */;
			targetProxy = C45FE423230426AB00782546 /* PBXContainerItemProxy */;
		};
		C45FE43E23042FBA00782546 /* PBXTargetDependency */ = {
			isa = PBXTargetDependency;
			target = C45FE42D2304272A00782546 /* StaticBundle */;
			targetProxy = C45FE43D23042FBA00782546 /* PBXContainerItemProxy */;
		};
/* End PBXTargetDependency section */

/* Begin PBXVariantGroup section */
		C45FE40B2304262F00782546 /* Main.storyboard */ = {
			isa = PBXVariantGroup;
			children = (
				C45FE40C2304262F00782546 /* Base */,
			);
			name = Main.storyboard;
			sourceTree = "<group>";
		};
		C45FE4102304262F00782546 /* LaunchScreen.storyboard */ = {
			isa = PBXVariantGroup;
			children = (
				C45FE4112304262F00782546 /* Base */,
			);
			name = LaunchScreen.storyboard;
			sourceTree = "<group>";
		};
/* End PBXVariantGroup section */

/* Begin XCBuildConfiguration section */
		C45FE4142304262F00782546 /* Debug */ = {
			isa = XCBuildConfiguration;
			buildSettings = {
				ALWAYS_SEARCH_USER_PATHS = NO;
				CLANG_ANALYZER_NONNULL = YES;
				CLANG_ANALYZER_NUMBER_OBJECT_CONVERSION = YES_AGGRESSIVE;
				CLANG_CXX_LANGUAGE_STANDARD = "gnu++14";
				CLANG_CXX_LIBRARY = "libc++";
				CLANG_ENABLE_MODULES = YES;
				CLANG_ENABLE_OBJC_ARC = YES;
				CLANG_ENABLE_OBJC_WEAK = YES;
				CLANG_WARN_BLOCK_CAPTURE_AUTORELEASING = YES;
				CLANG_WARN_BOOL_CONVERSION = YES;
				CLANG_WARN_COMMA = YES;
				CLANG_WARN_CONSTANT_CONVERSION = YES;
				CLANG_WARN_DEPRECATED_OBJC_IMPLEMENTATIONS = YES;
				CLANG_WARN_DIRECT_OBJC_ISA_USAGE = YES_ERROR;
				CLANG_WARN_DOCUMENTATION_COMMENTS = YES;
				CLANG_WARN_EMPTY_BODY = YES;
				CLANG_WARN_ENUM_CONVERSION = YES;
				CLANG_WARN_INFINITE_RECURSION = YES;
				CLANG_WARN_INT_CONVERSION = YES;
				CLANG_WARN_NON_LITERAL_NULL_CONVERSION = YES;
				CLANG_WARN_OBJC_IMPLICIT_RETAIN_SELF = YES;
				CLANG_WARN_OBJC_LITERAL_CONVERSION = YES;
				CLANG_WARN_OBJC_ROOT_CLASS = YES_ERROR;
				CLANG_WARN_RANGE_LOOP_ANALYSIS = YES;
				CLANG_WARN_STRICT_PROTOTYPES = YES;
				CLANG_WARN_SUSPICIOUS_MOVE = YES;
				CLANG_WARN_UNGUARDED_AVAILABILITY = YES_AGGRESSIVE;
				CLANG_WARN_UNREACHABLE_CODE = YES;
				CLANG_WARN__DUPLICATE_METHOD_MATCH = YES;
				COPY_PHASE_STRIP = NO;
				DEBUG_INFORMATION_FORMAT = dwarf;
				ENABLE_STRICT_OBJC_MSGSEND = YES;
				ENABLE_TESTABILITY = YES;
				GCC_C_LANGUAGE_STANDARD = gnu11;
				GCC_DYNAMIC_NO_PIC = NO;
				GCC_NO_COMMON_BLOCKS = YES;
				GCC_OPTIMIZATION_LEVEL = 0;
				GCC_PREPROCESSOR_DEFINITIONS = (
					"DEBUG=1",
					"$(inherited)",
				);
				GCC_WARN_64_TO_32_BIT_CONVERSION = YES;
				GCC_WARN_ABOUT_RETURN_TYPE = YES_ERROR;
				GCC_WARN_UNDECLARED_SELECTOR = YES;
				GCC_WARN_UNINITIALIZED_AUTOS = YES_AGGRESSIVE;
				GCC_WARN_UNUSED_FUNCTION = YES;
				GCC_WARN_UNUSED_VARIABLE = YES;
				IPHONEOS_DEPLOYMENT_TARGET = 13.0;
				MTL_ENABLE_DEBUG_INFO = INCLUDE_SOURCE;
				MTL_FAST_MATH = YES;
				ONLY_ACTIVE_ARCH = YES;
				SDKROOT = iphoneos;
				SWIFT_ACTIVE_COMPILATION_CONDITIONS = DEBUG;
				SWIFT_OPTIMIZATION_LEVEL = "-Onone";
			};
			name = Debug;
		};
		C45FE4152304262F00782546 /* Release */ = {
			isa = XCBuildConfiguration;
			buildSettings = {
				ALWAYS_SEARCH_USER_PATHS = NO;
				CLANG_ANALYZER_NONNULL = YES;
				CLANG_ANALYZER_NUMBER_OBJECT_CONVERSION = YES_AGGRESSIVE;
				CLANG_CXX_LANGUAGE_STANDARD = "gnu++14";
				CLANG_CXX_LIBRARY = "libc++";
				CLANG_ENABLE_MODULES = YES;
				CLANG_ENABLE_OBJC_ARC = YES;
				CLANG_ENABLE_OBJC_WEAK = YES;
				CLANG_WARN_BLOCK_CAPTURE_AUTORELEASING = YES;
				CLANG_WARN_BOOL_CONVERSION = YES;
				CLANG_WARN_COMMA = YES;
				CLANG_WARN_CONSTANT_CONVERSION = YES;
				CLANG_WARN_DEPRECATED_OBJC_IMPLEMENTATIONS = YES;
				CLANG_WARN_DIRECT_OBJC_ISA_USAGE = YES_ERROR;
				CLANG_WARN_DOCUMENTATION_COMMENTS = YES;
				CLANG_WARN_EMPTY_BODY = YES;
				CLANG_WARN_ENUM_CONVERSION = YES;
				CLANG_WARN_INFINITE_RECURSION = YES;
				CLANG_WARN_INT_CONVERSION = YES;
				CLANG_WARN_NON_LITERAL_NULL_CONVERSION = YES;
				CLANG_WARN_OBJC_IMPLICIT_RETAIN_SELF = YES;
				CLANG_WARN_OBJC_LITERAL_CONVERSION = YES;
				CLANG_WARN_OBJC_ROOT_CLASS = YES_ERROR;
				CLANG_WARN_RANGE_LOOP_ANALYSIS = YES;
				CLANG_WARN_STRICT_PROTOTYPES = YES;
				CLANG_WARN_SUSPICIOUS_MOVE = YES;
				CLANG_WARN_UNGUARDED_AVAILABILITY = YES_AGGRESSIVE;
				CLANG_WARN_UNREACHABLE_CODE = YES;
				CLANG_WARN__DUPLICATE_METHOD_MATCH = YES;
				COPY_PHASE_STRIP = NO;
				DEBUG_INFORMATION_FORMAT = "dwarf-with-dsym";
				ENABLE_NS_ASSERTIONS = NO;
				ENABLE_STRICT_OBJC_MSGSEND = YES;
				GCC_C_LANGUAGE_STANDARD = gnu11;
				GCC_NO_COMMON_BLOCKS = YES;
				GCC_WARN_64_TO_32_BIT_CONVERSION = YES;
				GCC_WARN_ABOUT_RETURN_TYPE = YES_ERROR;
				GCC_WARN_UNDECLARED_SELECTOR = YES;
				GCC_WARN_UNINITIALIZED_AUTOS = YES_AGGRESSIVE;
				GCC_WARN_UNUSED_FUNCTION = YES;
				GCC_WARN_UNUSED_VARIABLE = YES;
				IPHONEOS_DEPLOYMENT_TARGET = 13.0;
				MTL_ENABLE_DEBUG_INFO = NO;
				MTL_FAST_MATH = YES;
				SDKROOT = iphoneos;
				SWIFT_COMPILATION_MODE = wholemodule;
				SWIFT_OPTIMIZATION_LEVEL = "-O";
				VALIDATE_PRODUCT = YES;
			};
			name = Release;
		};
		C45FE4172304262F00782546 /* Debug */ = {
			isa = XCBuildConfiguration;
			buildSettings = {
				ASSETCATALOG_COMPILER_APPICON_NAME = AppIcon;
				CODE_SIGN_STYLE = Automatic;
				INFOPLIST_FILE = KateiSandbox/Info.plist;
				LD_RUNPATH_SEARCH_PATHS = (
					"$(inherited)",
					"@executable_path/Frameworks",
				);
				PRODUCT_BUNDLE_IDENTIFIER = dev.katei.KateiSandbox;
				PRODUCT_NAME = "$(TARGET_NAME)";
				SWIFT_VERSION = 5.0;
				TARGETED_DEVICE_FAMILY = "1,2";
			};
			name = Debug;
		};
		C45FE4182304262F00782546 /* Release */ = {
			isa = XCBuildConfiguration;
			buildSettings = {
				ASSETCATALOG_COMPILER_APPICON_NAME = AppIcon;
				CODE_SIGN_STYLE = Automatic;
				INFOPLIST_FILE = KateiSandbox/Info.plist;
				LD_RUNPATH_SEARCH_PATHS = (
					"$(inherited)",
					"@executable_path/Frameworks",
				);
				PRODUCT_BUNDLE_IDENTIFIER = dev.katei.KateiSandbox;
				PRODUCT_NAME = "$(TARGET_NAME)";
				SWIFT_VERSION = 5.0;
				TARGETED_DEVICE_FAMILY = "1,2";
			};
			name = Release;
		};
		C45FE428230426AB00782546 /* Debug */ = {
			isa = XCBuildConfiguration;
			buildSettings = {
				CODE_SIGN_STYLE = Automatic;
				CURRENT_PROJECT_VERSION = 1;
				DEFINES_MODULE = YES;
				DYLIB_COMPATIBILITY_VERSION = 1;
				DYLIB_CURRENT_VERSION = 1;
				DYLIB_INSTALL_NAME_BASE = "@rpath";
				INFOPLIST_FILE = DynamicLib/Info.plist;
				INSTALL_PATH = "$(LOCAL_LIBRARY_DIR)/Frameworks";
				LD_RUNPATH_SEARCH_PATHS = (
					"$(inherited)",
					"@executable_path/Frameworks",
					"@loader_path/Frameworks",
				);
				PRODUCT_BUNDLE_IDENTIFIER = dev.katei.DynamicLib;
				PRODUCT_NAME = "$(TARGET_NAME:c99extidentifier)";
				SKIP_INSTALL = YES;
				SWIFT_VERSION = 5.0;
				TARGETED_DEVICE_FAMILY = "1,2";
				VERSIONING_SYSTEM = "apple-generic";
				VERSION_INFO_PREFIX = "";
			};
			name = Debug;
		};
		C45FE429230426AB00782546 /* Release */ = {
			isa = XCBuildConfiguration;
			buildSettings = {
				CODE_SIGN_STYLE = Automatic;
				CURRENT_PROJECT_VERSION = 1;
				DEFINES_MODULE = YES;
				DYLIB_COMPATIBILITY_VERSION = 1;
				DYLIB_CURRENT_VERSION = 1;
				DYLIB_INSTALL_NAME_BASE = "@rpath";
				INFOPLIST_FILE = DynamicLib/Info.plist;
				INSTALL_PATH = "$(LOCAL_LIBRARY_DIR)/Frameworks";
				LD_RUNPATH_SEARCH_PATHS = (
					"$(inherited)",
					"@executable_path/Frameworks",
					"@loader_path/Frameworks",
				);
				PRODUCT_BUNDLE_IDENTIFIER = dev.katei.DynamicLib;
				PRODUCT_NAME = "$(TARGET_NAME:c99extidentifier)";
				SKIP_INSTALL = YES;
				SWIFT_VERSION = 5.0;
				TARGETED_DEVICE_FAMILY = "1,2";
				VERSIONING_SYSTEM = "apple-generic";
				VERSION_INFO_PREFIX = "";
			};
			name = Release;
		};
		C45FE42F2304272A00782546 /* Debug */ = {
			isa = XCBuildConfiguration;
			buildSettings = {
				CODE_SIGN_STYLE = Automatic;
				PRODUCT_NAME = "$(TARGET_NAME)";
			};
			name = Debug;
		};
		C45FE4302304272A00782546 /* Release */ = {
			isa = XCBuildConfiguration;
			buildSettings = {
				CODE_SIGN_STYLE = Automatic;
				PRODUCT_NAME = "$(TARGET_NAME)";
			};
			name = Release;
		};
/* End XCBuildConfiguration section */

/* Begin XCConfigurationList section */
		C45FE3FD2304262F00782546 /* Build configuration list for PBXProject "KateiSandbox" */ = {
			isa = XCConfigurationList;
			buildConfigurations = (
				C45FE4142304262F00782546 /* Debug */,
				C45FE4152304262F00782546 /* Release */,
			);
			defaultConfigurationIsVisible = 0;
			defaultConfigurationName = Release;
		};
		C45FE4162304262F00782546 /* Build configuration list for PBXNativeTarget "KateiSandbox" */ = {
			isa = XCConfigurationList;
			buildConfigurations = (
				C45FE4172304262F00782546 /* Debug */,
				C45FE4182304262F00782546 /* Release */,
			);
			defaultConfigurationIsVisible = 0;
			defaultConfigurationName = Release;
		};
		C45FE42A230426AB00782546 /* Build configuration list for PBXNativeTarget "DynamicLib" */ = {
			isa = XCConfigurationList;
			buildConfigurations = (
				C45FE428230426AB00782546 /* Debug */,
				C45FE429230426AB00782546 /* Release */,
			);
			defaultConfigurationIsVisible = 0;
			defaultConfigurationName = Release;
		};
		C45FE42E2304272A00782546 /* Build configuration list for PBXAggregateTarget "StaticBundle" */ = {
			isa = XCConfigurationList;
			buildConfigurations = (
				C45FE42F2304272A00782546 /* Debug */,
				C45FE4302304272A00782546 /* Release */,
			);
			defaultConfigurationIsVisible = 0;
			defaultConfigurationName = Release;
		};
/* End XCConfigurationList section */
	};
	rootObject = C45FE3FA2304262F00782546 /* Project object */;
}
